
Microsoft Visual Studio Solution File, Format Version 12.00
# Visual Studio Version 16
VisualStudioVersion = 16.0.31624.102
MinimumVisualStudioVersion = 10.0.40219.1
Project("{FAE04EC0-301F-11D3-BF4B-00C04F79EFBC}") = "Entidades", "Entidades\Entidades.csproj", "{41A36622-12E2-4643-A1EE-695137D91CDA}"
EndProject
Global
	GlobalSection(SolutionConfigurationPlatforms) = preSolution
		Debug|Any CPU = Debug|Any CPU
		Release|Any CPU = Release|Any CPU
	EndGlobalSection
	GlobalSection(ProjectConfigurationPlatforms) = postSolution
		{41A36622-12E2-4643-A1EE-695137D91CDA}.Debug|Any CPU.ActiveCfg = Debug|Any CPU
		{41A36622-12E2-4643-A1EE-695137D91CDA}.Debug|Any CPU.Build.0 = Debug|Any CPU
		{41A36622-12E2-4643-A1EE-695137D91CDA}.Release|Any CPU.ActiveCfg = Release|Any CPU
		{41A36622-12E2-4643-A1EE-695137D91CDA}.Release|Any CPU.Build.0 = Release|Any CPU
	EndGlobalSection
	GlobalSection(SolutionProperties) = preSolution
		HideSolutionNode = FALSE
	EndGlobalSection
	GlobalSection(ExtensibilityGlobals) = postSolution
		SolutionGuid = {61C68C1C-4541-4C06-B105-FFF2D58D81E0}
	EndGlobalSection
EndGlobal
